Microsoft Visual Studio Solution File, Format Version 12.00
# Visual Studio Version 17
VisualStudioVersion = 17.5.2.0
MinimumVisualStudioVersion = 10.0.40219.1
Project("{FAE04EC0-301F-11D3-BF4B-00C04F79EFBC}") = "NextUp.Api", "NextUp.Api.csproj", "{4F9D0DF8-B08E-46F4-36C8-535C5AA55216}"
EndProject
Global
	GlobalSection(SolutionConfigurationPlatforms) = preSolution
		Debug|Any CPU = Debug|Any CPU
		Release|Any CPU = Release|Any CPU
	EndGlobalSection
	GlobalSection(ProjectConfigurationPlatforms) = postSolution
		{4F9D0DF8-B08E-46F4-36C8-535C5AA55216}.Debug|Any CPU.ActiveCfg = Debug|Any CPU
		{4F9D0DF8-B08E-46F4-36C8-535C5AA55216}.Debug|Any CPU.Build.0 = Debug|Any CPU
		{4F9D0DF8-B08E-46F4-36C8-535C5AA55216}.Release|Any CPU.ActiveCfg = Release|Any CPU
		{4F9D0DF8-B08E-46F4-36C8-535C5AA55216}.Release|Any CPU.Build.0 = Release|Any CPU
	EndGlobalSection
	GlobalSection(SolutionProperties) = preSolution
		HideSolutionNode = FALSE
	EndGlobalSection
	GlobalSection(ExtensibilityGlobals) = postSolution
		SolutionGuid = {17DFE2AC-9387-4CBA-80BA-E12B3126C0AB}
	EndGlobalSection
EndGlobal
